
Microsoft Visual Studio Solution File, Format Version 12.00
# Visual Studio 14
VisualStudioVersion = 14.0.25420.1
MinimumVisualStudioVersion = 10.0.40219.1
Project("{FAE04EC0-301F-11D3-BF4B-00C04F79EFBC}") = "S00Presentacion", "S00Presentacion\S00Presentacion.csproj", "{63DD4A6C-90B0-4466-B8DB-58314A54C39A}"
	ProjectSection(ProjectDependencies) = postProject
		{6A85107C-FFB6-4550-809F-16AED02A3237} = {6A85107C-FFB6-4550-809F-16AED02A3237}
	EndProjectSection
EndProject
Project("{FAE04EC0-301F-11D3-BF4B-00C04F79EFBC}") = "S02LogicaNegocios", "S02LogicaNegocios\S02LogicaNegocios.csproj", "{7871C0EB-1DE0-4D84-B853-6FA4DF00B911}"
EndProject
Project("{FAE04EC0-301F-11D3-BF4B-00C04F79EFBC}") = "S03AccesoDatos", "S03AccesoDatos\S03AccesoDatos.csproj", "{593832CF-F22D-4F00-97E5-1949D3838604}"
EndProject
Project("{FAE04EC0-301F-11D3-BF4B-00C04F79EFBC}") = "S04Entidades", "S04Entidades\S04Entidades.csproj", "{F90C708C-2A52-4CD7-8565-85190E039D72}"
EndProject
Project("{FAE04EC0-301F-11D3-BF4B-00C04F79EFBC}") = "S01Servicios", "S01Servicios\S01Servicios.csproj", "{6A85107C-FFB6-4550-809F-16AED02A3237}"
EndProject
Global
	GlobalSection(SolutionConfigurationPlatforms) = preSolution
		Debug|Any CPU = Debug|Any CPU
		Release|Any CPU = Release|Any CPU
	EndGlobalSection
	GlobalSection(ProjectConfigurationPlatforms) = postSolution
		{63DD4A6C-90B0-4466-B8DB-58314A54C39A}.Debug|Any CPU.ActiveCfg = Debug|Any CPU
		{63DD4A6C-90B0-4466-B8DB-58314A54C39A}.Debug|Any CPU.Build.0 = Debug|Any CPU
		{63DD4A6C-90B0-4466-B8DB-58314A54C39A}.Release|Any CPU.ActiveCfg = Release|Any CPU
		{63DD4A6C-90B0-4466-B8DB-58314A54C39A}.Release|Any CPU.Build.0 = Release|Any CPU
		{7871C0EB-1DE0-4D84-B853-6FA4DF00B911}.Debug|Any CPU.ActiveCfg = Debug|Any CPU
		{7871C0EB-1DE0-4D84-B853-6FA4DF00B911}.Debug|Any CPU.Build.0 = Debug|Any CPU
		{7871C0EB-1DE0-4D84-B853-6FA4DF00B911}.Release|Any CPU.ActiveCfg = Release|Any CPU
		{7871C0EB-1DE0-4D84-B853-6FA4DF00B911}.Release|Any CPU.Build.0 = Release|Any CPU
		{593832CF-F22D-4F00-97E5-1949D3838604}.Debug|Any CPU.ActiveCfg = Debug|Any CPU
		{593832CF-F22D-4F00-97E5-1949D3838604}.Debug|Any CPU.Build.0 = Debug|Any CPU
		{593832CF-F22D-4F00-97E5-1949D3838604}.Release|Any CPU.ActiveCfg = Release|Any CPU
		{593832CF-F22D-4F00-97E5-1949D3838604}.Release|Any CPU.Build.0 = Release|Any CPU
		{F90C708C-2A52-4CD7-8565-85190E039D72}.Debug|Any CPU.ActiveCfg = Debug|Any CPU
		{F90C708C-2A52-4CD7-8565-85190E039D72}.Debug|Any CPU.Build.0 = Debug|Any CPU
		{F90C708C-2A52-4CD7-8565-85190E039D72}.Release|Any CPU.ActiveCfg = Release|Any CPU
		{F90C708C-2A52-4CD7-8565-85190E039D72}.Release|Any CPU.Build.0 = Release|Any CPU
		{6A85107C-FFB6-4550-809F-16AED02A3237}.Debug|Any CPU.ActiveCfg = Debug|Any CPU
		{6A85107C-FFB6-4550-809F-16AED02A3237}.Debug|Any CPU.Build.0 = Debug|Any CPU
		{6A85107C-FFB6-4550-809F-16AED02A3237}.Release|Any CPU.ActiveCfg = Release|Any CPU
		{6A85107C-FFB6-4550-809F-16AED02A3237}.Release|Any CPU.Build.0 = Release|Any CPU
	EndGlobalSection
	GlobalSection(SolutionProperties) = preSolution
		HideSolutionNode = FALSE
	EndGlobalSection
EndGlobal
